
Microsoft Visual Studio Solution File, Format Version 12.00
# Visual Studio Version 16
VisualStudioVersion = 16.0.31321.278
MinimumVisualStudioVersion = 10.0.40219.1
Project("{FAE04EC0-301F-11D3-BF4B-00C04F79EFBC}") = "Simulas Soups", "Simulas Soups\Simulas Soups.csproj", "{5FD4A07E-69E9-474D-99BF-4A8F94831D8B}"
EndProject
Global
	GlobalSection(SolutionConfigurationPlatforms) = preSolution
		Debug|Any CPU = Debug|Any CPU
		Release|Any CPU = Release|Any CPU
	EndGlobalSection
	GlobalSection(ProjectConfigurationPlatforms) = postSolution
		{5FD4A07E-69E9-474D-99BF-4A8F94831D8B}.Debug|Any CPU.ActiveCfg = Debug|Any CPU
		{5FD4A07E-69E9-474D-99BF-4A8F94831D8B}.Debug|Any CPU.Build.0 = Debug|Any CPU
		{5FD4A07E-69E9-474D-99BF-4A8F94831D8B}.Release|Any CPU.ActiveCfg = Release|Any CPU
		{5FD4A07E-69E9-474D-99BF-4A8F94831D8B}.Release|Any CPU.Build.0 = Release|Any CPU
	EndGlobalSection
	GlobalSection(SolutionProperties) = preSolution
		HideSolutionNode = FALSE
	EndGlobalSection
	GlobalSection(ExtensibilityGlobals) = postSolution
		SolutionGuid = {FD17B269-468D-4DEC-BB4B-14AC7E5558CC}
	EndGlobalSection
EndGlobal
